
Microsoft Visual Studio Solution File, Format Version 12.00
# Visual Studio 15
VisualStudioVersion = 15.0.27428.2037
MinimumVisualStudioVersion = 10.0.40219.1
Project("{FAE04EC0-301F-11D3-BF4B-00C04F79EFBC}") = "CookrApi", "CookrApi\CookrApi.csproj", "{64EBC06D-C846-4D9A-AD5D-D00EA902FDDD}"
EndProject
Global
	GlobalSection(SolutionConfigurationPlatforms) = preSolution
		Debug|Any CPU = Debug|Any CPU
		Release|Any CPU = Release|Any CPU
	EndGlobalSection
	GlobalSection(ProjectConfigurationPlatforms) = postSolution
		{64EBC06D-C846-4D9A-AD5D-D00EA902FDDD}.Debug|Any CPU.ActiveCfg = Debug|Any CPU
		{64EBC06D-C846-4D9A-AD5D-D00EA902FDDD}.Debug|Any CPU.Build.0 = Debug|Any CPU
		{64EBC06D-C846-4D9A-AD5D-D00EA902FDDD}.Release|Any CPU.ActiveCfg = Release|Any CPU
		{64EBC06D-C846-4D9A-AD5D-D00EA902FDDD}.Release|Any CPU.Build.0 = Release|Any CPU
	EndGlobalSection
	GlobalSection(SolutionProperties) = preSolution
		HideSolutionNode = FALSE
	EndGlobalSection
	GlobalSection(ExtensibilityGlobals) = postSolution
		SolutionGuid = {690DB605-6F88-4E49-AEA0-1594A33C1278}
	EndGlobalSection
EndGlobal
